lockfileVersion: '9.0'

importers:

  .:
    devDependencies:
      typescript:
        specifier: 5.9.3
        version: 5.9.3
      vite:
        specifier: 7.1.0
        version: 7.1.0(@types/node@24.0.0)
      vitest:
        specifier: 3.2.4
        version: 3.2.4(vite@7.1.0)

  apps/web:
    dependencies:
      vue:
        specifier: ^3.4.0
        version: 3.5.13(typescript@5.9.3)
