{
  "name": "@acme/formatting",
  "lockfileVersion": 3,
  "packages": {
    "": {
      "name": "@acme/formatting"
    },
    "node_modules/tsup": {
      "version": "8.5.0",
      "dev": true
    },
    "node_modules/typescript": {
      "version": "5.9.3",
      "dev": true
    },
    "node_modules/vitest": {
      "version": "3.2.4",
      "dev": true
    }
  }
}
