{
  "name": "orders-monorepo",
  "lockfileVersion": 3,
  "packages": {
    "": {
      "name": "orders-monorepo",
      "workspaces": [
        "packages/*"
      ]
    },
    "node_modules/jest": {
      "version": "29.7.0",
      "dev": true
    },
    "node_modules/express": {
      "version": "4.19.2"
    },
    "node_modules/react": {
      "version": "18.3.1"
    },
    "node_modules/react-dom": {
      "version": "18.3.1"
    },
    "node_modules/webpack": {
      "version": "5.91.0",
      "dev": true
    },
    "node_modules/@acme/orders-api": {
      "resolved": "packages/api",
      "link": true
    },
    "packages/api": {
      "name": "@acme/orders-api",
      "version": "1.4.0"
    },
    "packages/web": {
      "name": "@acme/orders-web",
      "version": "2.0.0"
    }
  }
}
