{
  "name": "hostile-repository",
  "version": "1.0.0",
  "lockfileVersion": 3,
  "requires": true,
  "packages": {
    "": {
      "name": "hostile-repository",
      "version": "1.0.0",
      "hasInstallScript": true,
      "dependencies": { "__proto__": "1.0.0", "constructor": "1.0.0" }
    },
    "node_modules/__proto__": {
      "version": "1.0.0",
      "resolved": "http://trap.invalid/proto.tgz",
      "integrity": "sha512-AAAA",
      "hasInstallScript": true
    },
    "node_modules/constructor": {
      "version": "1.0.0",
      "resolved": "http://trap.invalid/constructor.tgz",
      "integrity": "sha512-BBBB",
      "hasInstallScript": true
    }
  }
}
